
Microsoft Visual Studio Solution File, Format Version 12.00
# Visual Studio Version 16
VisualStudioVersion = 16.0.29201.188
MinimumVisualStudioVersion = 10.0.40219.1
Project("{FAE04EC0-301F-11D3-BF4B-00C04F79EFBC}") = "20210914", "20210914\20210914.csproj", "{A69C364C-F187-4DA1-80B9-75E304F31DCC}"
EndProject
Global
	GlobalSection(SolutionConfigurationPlatforms) = preSolution
		Debug|Any CPU = Debug|Any CPU
		Release|Any CPU = Release|Any CPU
	EndGlobalSection
	GlobalSection(ProjectConfigurationPlatforms) = postSolution
		{A69C364C-F187-4DA1-80B9-75E304F31DCC}.Debug|Any CPU.ActiveCfg = Debug|Any CPU
		{A69C364C-F187-4DA1-80B9-75E304F31DCC}.Debug|Any CPU.Build.0 = Debug|Any CPU
		{A69C364C-F187-4DA1-80B9-75E304F31DCC}.Release|Any CPU.ActiveCfg = Release|Any CPU
		{A69C364C-F187-4DA1-80B9-75E304F31DCC}.Release|Any CPU.Build.0 = Release|Any CPU
	EndGlobalSection
	GlobalSection(SolutionProperties) = preSolution
		HideSolutionNode = FALSE
	EndGlobalSection
	GlobalSection(ExtensibilityGlobals) = postSolution
		SolutionGuid = {8D02F8F5-7A4A-470C-9E87-64357A999AAB}
	EndGlobalSection
EndGlobal
